
Microsoft Visual Studio Solution File, Format Version 12.00
# Visual Studio Version 16
VisualStudioVersion = 16.0.30621.155
MinimumVisualStudioVersion = 10.0.40219.1
Project("{FAE04EC0-301F-11D3-BF4B-00C04F79EFBC}") = "ServiceActaControl", "ServiceActaControl.csproj", "{C8B05B83-EA5C-4646-80E1-774D6CE8ABC5}"
EndProject
Project("{FAE04EC0-301F-11D3-BF4B-00C04F79EFBC}") = "AD", "AD\AD.csproj", "{964C6E80-0EAE-4048-96C6-573C4C7EEC89}"
EndProject
Global
	GlobalSection(SolutionConfigurationPlatforms) = preSolution
		Debug|Any CPU = Debug|Any CPU
		Release|Any CPU = Release|Any CPU
	EndGlobalSection
	GlobalSection(ProjectConfigurationPlatforms) = postSolution
		{C8B05B83-EA5C-4646-80E1-774D6CE8ABC5}.Debug|Any CPU.ActiveCfg = Debug|Any CPU
		{C8B05B83-EA5C-4646-80E1-774D6CE8ABC5}.Debug|Any CPU.Build.0 = Debug|Any CPU
		{C8B05B83-EA5C-4646-80E1-774D6CE8ABC5}.Release|Any CPU.ActiveCfg = Release|Any CPU
		{C8B05B83-EA5C-4646-80E1-774D6CE8ABC5}.Release|Any CPU.Build.0 = Release|Any CPU
		{964C6E80-0EAE-4048-96C6-573C4C7EEC89}.Debug|Any CPU.ActiveCfg = Debug|Any CPU
		{964C6E80-0EAE-4048-96C6-573C4C7EEC89}.Debug|Any CPU.Build.0 = Debug|Any CPU
		{964C6E80-0EAE-4048-96C6-573C4C7EEC89}.Release|Any CPU.ActiveCfg = Release|Any CPU
		{964C6E80-0EAE-4048-96C6-573C4C7EEC89}.Release|Any CPU.Build.0 = Release|Any CPU
	EndGlobalSection
	GlobalSection(SolutionProperties) = preSolution
		HideSolutionNode = FALSE
	EndGlobalSection
	GlobalSection(ExtensibilityGlobals) = postSolution
		SolutionGuid = {0C9A6059-F728-4A92-A053-2405F7642ACD}
	EndGlobalSection
EndGlobal
